
Microsoft Visual Studio Solution File, Format Version 12.00
# Visual Studio 2012
Project("{FAE04EC0-301F-11D3-BF4B-00C04F79EFBC}") = "Autodesk.ADN.WpfReCap", "AutodeskWpfReCap\Autodesk.ADN.WpfReCap.csproj", "{C3AD96EC-8C52-4FC9-B4B1-724316D17B7C}"
EndProject
Project("{FAE04EC0-301F-11D3-BF4B-00C04F79EFBC}") = "Autodesk.ADN.Toolkit.Wpf.Viewer", "AutodeskWpfViewer\Autodesk.ADN.Toolkit.Wpf.Viewer.csproj", "{23318C9D-48AC-4C70-A71F-6EC37CC50E22}"
EndProject
Project("{FAE04EC0-301F-11D3-BF4B-00C04F79EFBC}") = "Autodesk.ADN.Toolkit.Wpf.RestLogger", "AutodeskWpfRestLogger\Autodesk.ADN.Toolkit.Wpf.RestLogger.csproj", "{DA29F9FD-A954-4151-AC42-B5C2E7975F9E}"
EndProject
Project("{FAE04EC0-301F-11D3-BF4B-00C04F79EFBC}") = "Autodesk.ADN.Toolkit.ReCap", "AutodeskReCapClient\Autodesk.ADN.Toolkit.ReCap.csproj", "{72902C19-B3B2-4E28-94F4-4E298AD9866A}"
EndProject
Project("{FAE04EC0-301F-11D3-BF4B-00C04F79EFBC}") = "Autodesk.ADN.Toolkit.RESTful", "AutodeskRESTful\Autodesk.ADN.Toolkit.RESTful.csproj", "{83B5179B-3266-4703-B8D0-A9DA963534BD}"
EndProject
Global
	GlobalSection(SolutionConfigurationPlatforms) = preSolution
		Debug|Any CPU = Debug|Any CPU
		Release|Any CPU = Release|Any CPU
	EndGlobalSection
	GlobalSection(ProjectConfigurationPlatforms) = postSolution
		{C3AD96EC-8C52-4FC9-B4B1-724316D17B7C}.Debug|Any CPU.ActiveCfg = Debug|Any CPU
		{C3AD96EC-8C52-4FC9-B4B1-724316D17B7C}.Debug|Any CPU.Build.0 = Debug|Any CPU
		{C3AD96EC-8C52-4FC9-B4B1-724316D17B7C}.Release|Any CPU.ActiveCfg = Release|Any CPU
		{C3AD96EC-8C52-4FC9-B4B1-724316D17B7C}.Release|Any CPU.Build.0 = Release|Any CPU
		{23318C9D-48AC-4C70-A71F-6EC37CC50E22}.Debug|Any CPU.ActiveCfg = Debug|Any CPU
		{23318C9D-48AC-4C70-A71F-6EC37CC50E22}.Debug|Any CPU.Build.0 = Debug|Any CPU
		{23318C9D-48AC-4C70-A71F-6EC37CC50E22}.Release|Any CPU.ActiveCfg = Release|Any CPU
		{23318C9D-48AC-4C70-A71F-6EC37CC50E22}.Release|Any CPU.Build.0 = Release|Any CPU
		{DA29F9FD-A954-4151-AC42-B5C2E7975F9E}.Debug|Any CPU.ActiveCfg = Debug|Any CPU
		{DA29F9FD-A954-4151-AC42-B5C2E7975F9E}.Debug|Any CPU.Build.0 = Debug|Any CPU
		{DA29F9FD-A954-4151-AC42-B5C2E7975F9E}.Release|Any CPU.ActiveCfg = Release|Any CPU
		{DA29F9FD-A954-4151-AC42-B5C2E7975F9E}.Release|Any CPU.Build.0 = Release|Any CPU
		{72902C19-B3B2-4E28-94F4-4E298AD9866A}.Debug|Any CPU.ActiveCfg = Debug|Any CPU
		{72902C19-B3B2-4E28-94F4-4E298AD9866A}.Debug|Any CPU.Build.0 = Debug|Any CPU
		{72902C19-B3B2-4E28-94F4-4E298AD9866A}.Release|Any CPU.ActiveCfg = Release|Any CPU
		{72902C19-B3B2-4E28-94F4-4E298AD9866A}.Release|Any CPU.Build.0 = Release|Any CPU
		{83B5179B-3266-4703-B8D0-A9DA963534BD}.Debug|Any CPU.ActiveCfg = Debug|Any CPU
		{83B5179B-3266-4703-B8D0-A9DA963534BD}.Debug|Any CPU.Build.0 = Debug|Any CPU
		{83B5179B-3266-4703-B8D0-A9DA963534BD}.Release|Any CPU.ActiveCfg = Release|Any CPU
		{83B5179B-3266-4703-B8D0-A9DA963534BD}.Release|Any CPU.Build.0 = Release|Any CPU
	EndGlobalSection
	GlobalSection(SolutionProperties) = preSolution
		HideSolutionNode = FALSE
	EndGlobalSection
EndGlobal
